[[package]]
name = "portion"
version = "2.3.0"
description = "Python data structure and operations for intervals"
category = "main"
optional = false
python-versions = "~= 3.6"

[package.dependencies]
sortedcontainers = ">=2.2,<3.0"

[package.extras]
test = ["pytest (>=7.0,<8.0)", "coverage (>=6.0,<7.0)", "black (>=21.8b)"]

[[package]]
name = "sortedcontainers"
version = "2.4.0"
description = "Sorted Containers -- Sorted List, Sorted Dict, Sorted Set"
category = "main"
optional = false
python-versions = "*"

[metadata]
lock-version = "1.1"
python-versions = "^3.10"
content-hash = "414d8dce1a70f67616ef87877c34d0806435f1e7a866e4eba36156665811c255"

[metadata.files]
portion = [
    {file = "portion-2.3.0-py3-none-any.whl", hash = "sha256:b01e12a02b56ed20cf999fdbab368cc82b0ad73254c6a25ada210c1ff26ac498"},
    {file = "portion-2.3.0.tar.gz", hash = "sha256:0e9d42838099263201b25517e4c1bd57042b5fe44432d6df38cef72d84d1eb1f"},
]
sortedcontainers = [
    {file = "sortedcontainers-2.4.0-py2.py3-none-any.whl", hash = "sha256:a163dcaede0f1c021485e957a39245190e74249897e2ae4b2aa38595db237ee0"},
    {file = "sortedcontainers-2.4.0.tar.gz", hash = "sha256:25caa5a06cc30b6b83d11423433f65d1f9d76c4c6a0c90e3379eaa43b9bfdb88"},
]
